
Microsoft Visual Studio Solution File, Format Version 12.00
# Visual Studio Version 17
VisualStudioVersion = 17.5.002.0
MinimumVisualStudioVersion = 10.0.40219.1
Project("{2150E333-8FDC-42A3-9474-1A3956D46DE8}") = "csharp-prep", "csharp-prep", "{4722942D-1259-4313-BE26-0152796BD05F}"
EndProject
Project("{9A19103F-16F7-4668-BE54-9A1E7A4F7556}") = "Prep1", "csharp-prep\Prep1\Prep1.csproj", "{E225E36C-5444-431F-AD60-AA6E1C8D3B58}"
EndProject
Project("{9A19103F-16F7-4668-BE54-9A1E7A4F7556}") = "Prep2", "csharp-prep\Prep2\Prep2.csproj", "{E2770B67-4169-4ECB-B2D4-09B69D2E167A}"
EndProject
Project("{9A19103F-16F7-4668-BE54-9A1E7A4F7556}") = "Prep3", "csharp-prep\Prep3\Prep3.csproj", "{01DE8A18-5C94-41DF-ADAB-0F592BF8C778}"
EndProject
Project("{9A19103F-16F7-4668-BE54-9A1E7A4F7556}") = "Prep4", "csharp-prep\Prep4\Prep4.csproj", "{A0D91F93-CE70-4972-B42B-A8E7C7462DE0}"
EndProject
Project("{9A19103F-16F7-4668-BE54-9A1E7A4F7556}") = "Prep5", "csharp-prep\Prep5\Prep5.csproj", "{42BF7EB2-91E0-4367-AF9B-09370AC5396A}"
EndProject
Project("{2150E333-8FDC-42A3-9474-1A3956D46DE8}") = "final", "final", "{8B39248A-2424-441E-94E6-11CD83A8D879}"
EndProject
Project("{9A19103F-16F7-4668-BE54-9A1E7A4F7556}") = "FinalProject", "final\FinalProject\FinalProject.csproj", "{49BBE7BF-5EBB-4BA2-ABE7-6BC96DAC7004}"
EndProject
Project("{9A19103F-16F7-4668-BE54-9A1E7A4F7556}") = "Foundation1", "final\Foundation1\Foundation1.csproj", "{8884E36E-5A14-49FE-82DB-D6DFBE50B104}"
EndProject
Project("{9A19103F-16F7-4668-BE54-9A1E7A4F7556}") = "Foundation2", "final\Foundation2\Foundation2.csproj", "{9BFB0581-53C7-4204-808A-752479D53929}"
EndProject
Project("{9A19103F-16F7-4668-BE54-9A1E7A4F7556}") = "Foundation3", "final\Foundation3\Foundation3.csproj", "{63A366EB-AF46-4E6C-9F68-F6E97FF2E822}"
EndProject
Project("{9A19103F-16F7-4668-BE54-9A1E7A4F7556}") = "Foundation4", "final\Foundation4\Foundation4.csproj", "{3C7956D0-1D5F-436B-BD79-0817C5681D9B}"
EndProject
Project("{2150E333-8FDC-42A3-9474-1A3956D46DE8}") = "prepare", "prepare", "{1EF382F6-6557-44EA-A1E3-4A998A428F11}"
EndProject
Project("{9A19103F-16F7-4668-BE54-9A1E7A4F7556}") = "Learning02", "prepare\Learning02\Learning02.csproj", "{86D13C59-9B82-4C25-B043-92957FA0F394}"
EndProject
Project("{9A19103F-16F7-4668-BE54-9A1E7A4F7556}") = "Learning03", "prepare\Learning03\Learning03.csproj", "{99C7D549-1643-44E6-A4B3-1A328C9178CA}"
EndProject
Project("{9A19103F-16F7-4668-BE54-9A1E7A4F7556}") = "Learning04", "prepare\Learning04\Learning04.csproj", "{C9E6CEF4-8F0A-4F1B-8CA4-5973B8488F21}"
EndProject
Project("{9A19103F-16F7-4668-BE54-9A1E7A4F7556}") = "Learning05", "prepare\Learning05\Learning05.csproj", "{D30BA39E-4311-416F-A4E3-7C0A28841CC2}"
EndProject
Project("{2150E333-8FDC-42A3-9474-1A3956D46DE8}") = "prove", "prove", "{610E1D40-F967-488E-975D-518F784F0971}"
EndProject
Project("{9A19103F-16F7-4668-BE54-9A1E7A4F7556}") = "Develop02", "prove\Develop02\Develop02.csproj", "{72529107-6B59-4959-ACB4-366F6ECE5903}"
EndProject
Project("{9A19103F-16F7-4668-BE54-9A1E7A4F7556}") = "Develop03", "prove\Develop03\Develop03.csproj", "{DD4C1D61-A7B9-44E7-9E79-83FD416C7EAF}"
EndProject
Project("{9A19103F-16F7-4668-BE54-9A1E7A4F7556}") = "Develop04", "prove\Develop04\Develop04.csproj", "{CF3A5A2B-105E-4B5D-920C-F433C75F497E}"
EndProject
Project("{9A19103F-16F7-4668-BE54-9A1E7A4F7556}") = "Develop05", "prove\Develop05\Develop05.csproj", "{954914E9-B67C-471D-B0CE-3960EFABDB6C}"
EndProject
Project("{2150E333-8FDC-42A3-9474-1A3956D46DE8}") = "sandbox", "sandbox", "{9937315B-0E13-4AA4-B2AD-2F8131801A4C}"
EndProject
Project("{9A19103F-16F7-4668-BE54-9A1E7A4F7556}") = "Sandbox", "sandbox\Sandbox\Sandbox.csproj", "{72E08551-447E-480F-9614-A9AC31564705}"
EndProject
Global
	GlobalSection(SolutionConfigurationPlatforms) = preSolution
		Debug|Any CPU = Debug|Any CPU
		Release|Any CPU = Release|Any CPU
	EndGlobalSection
	GlobalSection(ProjectConfigurationPlatforms) = postSolution
		{E225E36C-5444-431F-AD60-AA6E1C8D3B58}.Debug|Any CPU.ActiveCfg = Debug|Any CPU
		{E225E36C-5444-431F-AD60-AA6E1C8D3B58}.Debug|Any CPU.Build.0 = Debug|Any CPU
		{E225E36C-5444-431F-AD60-AA6E1C8D3B58}.Release|Any CPU.ActiveCfg = Release|Any CPU
		{E225E36C-5444-431F-AD60-AA6E1C8D3B58}.Release|Any CPU.Build.0 = Release|Any CPU
		{E2770B67-4169-4ECB-B2D4-09B69D2E167A}.Debug|Any CPU.ActiveCfg = Debug|Any CPU
		{E2770B67-4169-4ECB-B2D4-09B69D2E167A}.Debug|Any CPU.Build.0 = Debug|Any CPU
		{E2770B67-4169-4ECB-B2D4-09B69D2E167A}.Release|Any CPU.ActiveCfg = Release|Any CPU
		{E2770B67-4169-4ECB-B2D4-09B69D2E167A}.Release|Any CPU.Build.0 = Release|Any CPU
		{01DE8A18-5C94-41DF-ADAB-0F592BF8C778}.Debug|Any CPU.ActiveCfg = Debug|Any CPU
		{01DE8A18-5C94-41DF-ADAB-0F592BF8C778}.Debug|Any CPU.Build.0 = Debug|Any CPU
		{01DE8A18-5C94-41DF-ADAB-0F592BF8C778}.Release|Any CPU.ActiveCfg = Release|Any CPU
		{01DE8A18-5C94-41DF-ADAB-0F592BF8C778}.Release|Any CPU.Build.0 = Release|Any CPU
		{A0D91F93-CE70-4972-B42B-A8E7C7462DE0}.Debug|Any CPU.ActiveCfg = Debug|Any CPU
		{A0D91F93-CE70-4972-B42B-A8E7C7462DE0}.Debug|Any CPU.Build.0 = Debug|Any CPU
		{A0D91F93-CE70-4972-B42B-A8E7C7462DE0}.Release|Any CPU.ActiveCfg = Release|Any CPU
		{A0D91F93-CE70-4972-B42B-A8E7C7462DE0}.Release|Any CPU.Build.0 = Release|Any CPU
		{42BF7EB2-91E0-4367-AF9B-09370AC5396A}.Debug|Any CPU.ActiveCfg = Debug|Any CPU
		{42BF7EB2-91E0-4367-AF9B-09370AC5396A}.Debug|Any CPU.Build.0 = Debug|Any CPU
		{42BF7EB2-91E0-4367-AF9B-09370AC5396A}.Release|Any CPU.ActiveCfg = Release|Any CPU
		{42BF7EB2-91E0-4367-AF9B-09370AC5396A}.Release|Any CPU.Build.0 = Release|Any CPU
		{49BBE7BF-5EBB-4BA2-ABE7-6BC96DAC7004}.Debug|Any CPU.ActiveCfg = Debug|Any CPU
		{49BBE7BF-5EBB-4BA2-ABE7-6BC96DAC7004}.Debug|Any CPU.Build.0 = Debug|Any CPU
		{49BBE7BF-5EBB-4BA2-ABE7-6BC96DAC7004}.Release|Any CPU.ActiveCfg = Release|Any CPU
		{49BBE7BF-5EBB-4BA2-ABE7-6BC96DAC7004}.Release|Any CPU.Build.0 = Release|Any CPU
		{8884E36E-5A14-49FE-82DB-D6DFBE50B104}.Debug|Any CPU.ActiveCfg = Debug|Any CPU
		{8884E36E-5A14-49FE-82DB-D6DFBE50B104}.Debug|Any CPU.Build.0 = Debug|Any CPU
		{8884E36E-5A14-49FE-82DB-D6DFBE50B104}.Release|Any CPU.ActiveCfg = Release|Any CPU
		{8884E36E-5A14-49FE-82DB-D6DFBE50B104}.Release|Any CPU.Build.0 = Release|Any CPU
		{9BFB0581-53C7-4204-808A-752479D53929}.Debug|Any CPU.ActiveCfg = Debug|Any CPU
		{9BFB0581-53C7-4204-808A-752479D53929}.Debug|Any CPU.Build.0 = Debug|Any CPU
		{9BFB0581-53C7-4204-808A-752479D53929}.Release|Any CPU.ActiveCfg = Release|Any CPU
		{9BFB0581-53C7-4204-808A-752479D53929}.Release|Any CPU.Build.0 = Release|Any CPU
		{63A366EB-AF46-4E6C-9F68-F6E97FF2E822}.Debug|Any CPU.ActiveCfg = Debug|Any CPU
		{63A366EB-AF46-4E6C-9F68-F6E97FF2E822}.Debug|Any CPU.Build.0 = Debug|Any CPU
		{63A366EB-AF46-4E6C-9F68-F6E97FF2E822}.Release|Any CPU.ActiveCfg = Release|Any CPU
		{63A366EB-AF46-4E6C-9F68-F6E97FF2E822}.Release|Any CPU.Build.0 = Release|Any CPU
		{3C7956D0-1D5F-436B-BD79-0817C5681D9B}.Debug|Any CPU.ActiveCfg = Debug|Any CPU
		{3C7956D0-1D5F-436B-BD79-0817C5681D9B}.Debug|Any CPU.Build.0 = Debug|Any CPU
		{3C7956D0-1D5F-436B-BD79-0817C5681D9B}.Release|Any CPU.ActiveCfg = Release|Any CPU
		{3C7956D0-1D5F-436B-BD79-0817C5681D9B}.Release|Any CPU.Build.0 = Release|Any CPU
		{86D13C59-9B82-4C25-B043-92957FA0F394}.Debug|Any CPU.ActiveCfg = Debug|Any CPU
		{86D13C59-9B82-4C25-B043-92957FA0F394}.Debug|Any CPU.Build.0 = Debug|Any CPU
		{86D13C59-9B82-4C25-B043-92957FA0F394}.Release|Any CPU.ActiveCfg = Release|Any CPU
		{86D13C59-9B82-4C25-B043-92957FA0F394}.Release|Any CPU.Build.0 = Release|Any CPU
		{99C7D549-1643-44E6-A4B3-1A328C9178CA}.Debug|Any CPU.ActiveCfg = Debug|Any CPU
		{99C7D549-1643-44E6-A4B3-1A328C9178CA}.Debug|Any CPU.Build.0 = Debug|Any CPU
		{99C7D549-1643-44E6-A4B3-1A328C9178CA}.Release|Any CPU.ActiveCfg = Release|Any CPU
		{99C7D549-1643-44E6-A4B3-1A328C9178CA}.Release|Any CPU.Build.0 = Release|Any CPU
		{C9E6CEF4-8F0A-4F1B-8CA4-5973B8488F21}.Debug|Any CPU.ActiveCfg = Debug|Any CPU
		{C9E6CEF4-8F0A-4F1B-8CA4-5973B8488F21}.Debug|Any CPU.Build.0 = Debug|Any CPU
		{C9E6CEF4-8F0A-4F1B-8CA4-5973B8488F21}.Release|Any CPU.ActiveCfg = Release|Any CPU
		{C9E6CEF4-8F0A-4F1B-8CA4-5973B8488F21}.Release|Any CPU.Build.0 = Release|Any CPU
		{D30BA39E-4311-416F-A4E3-7C0A28841CC2}.Debug|Any CPU.ActiveCfg = Debug|Any CPU
		{D30BA39E-4311-416F-A4E3-7C0A28841CC2}.Debug|Any CPU.Build.0 = Debug|Any CPU
		{D30BA39E-4311-416F-A4E3-7C0A28841CC2}.Release|Any CPU.ActiveCfg = Release|Any CPU
		{D30BA39E-4311-416F-A4E3-7C0A28841CC2}.Release|Any CPU.Build.0 = Release|Any CPU
		{72529107-6B59-4959-ACB4-366F6ECE5903}.Debug|Any CPU.ActiveCfg = Debug|Any CPU
		{72529107-6B59-4959-ACB4-366F6ECE5903}.Debug|Any CPU.Build.0 = Debug|Any CPU
		{72529107-6B59-4959-ACB4-366F6ECE5903}.Release|Any CPU.ActiveCfg = Release|Any CPU
		{72529107-6B59-4959-ACB4-366F6ECE5903}.Release|Any CPU.Build.0 = Release|Any CPU
		{DD4C1D61-A7B9-44E7-9E79-83FD416C7EAF}.Debug|Any CPU.ActiveCfg = Debug|Any CPU
		{DD4C1D61-A7B9-44E7-9E79-83FD416C7EAF}.Debug|Any CPU.Build.0 = Debug|Any CPU
		{DD4C1D61-A7B9-44E7-9E79-83FD416C7EAF}.Release|Any CPU.ActiveCfg = Release|Any CPU
		{DD4C1D61-A7B9-44E7-9E79-83FD416C7EAF}.Release|Any CPU.Build.0 = Release|Any CPU
		{CF3A5A2B-105E-4B5D-920C-F433C75F497E}.Debug|Any CPU.ActiveCfg = Debug|Any CPU
		{CF3A5A2B-105E-4B5D-920C-F433C75F497E}.Debug|Any CPU.Build.0 = Debug|Any CPU
		{CF3A5A2B-105E-4B5D-920C-F433C75F497E}.Release|Any CPU.ActiveCfg = Release|Any CPU
		{CF3A5A2B-105E-4B5D-920C-F433C75F497E}.Release|Any CPU.Build.0 = Release|Any CPU
		{954914E9-B67C-471D-B0CE-3960EFABDB6C}.Debug|Any CPU.ActiveCfg = Debug|Any CPU
		{954914E9-B67C-471D-B0CE-3960EFABDB6C}.Debug|Any CPU.Build.0 = Debug|Any CPU
		{954914E9-B67C-471D-B0CE-3960EFABDB6C}.Release|Any CPU.ActiveCfg = Release|Any CPU
		{954914E9-B67C-471D-B0CE-3960EFABDB6C}.Release|Any CPU.Build.0 = Release|Any CPU
		{72E08551-447E-480F-9614-A9AC31564705}.Debug|Any CPU.ActiveCfg = Debug|Any CPU
		{72E08551-447E-480F-9614-A9AC31564705}.Debug|Any CPU.Build.0 = Debug|Any CPU
		{72E08551-447E-480F-9614-A9AC31564705}.Release|Any CPU.ActiveCfg = Release|Any CPU
		{72E08551-447E-480F-9614-A9AC31564705}.Release|Any CPU.Build.0 = Release|Any CPU
	EndGlobalSection
	GlobalSection(SolutionProperties) = preSolution
		HideSolutionNode = FALSE
	EndGlobalSection
	GlobalSection(NestedProjects) = preSolution
		{E225E36C-5444-431F-AD60-AA6E1C8D3B58} = {4722942D-1259-4313-BE26-0152796BD05F}
		{E2770B67-4169-4ECB-B2D4-09B69D2E167A} = {4722942D-1259-4313-BE26-0152796BD05F}
		{01DE8A18-5C94-41DF-ADAB-0F592BF8C778} = {4722942D-1259-4313-BE26-0152796BD05F}
		{A0D91F93-CE70-4972-B42B-A8E7C7462DE0} = {4722942D-1259-4313-BE26-0152796BD05F}
		{42BF7EB2-91E0-4367-AF9B-09370AC5396A} = {4722942D-1259-4313-BE26-0152796BD05F}
		{49BBE7BF-5EBB-4BA2-ABE7-6BC96DAC7004} = {8B39248A-2424-441E-94E6-11CD83A8D879}
		{8884E36E-5A14-49FE-82DB-D6DFBE50B104} = {8B39248A-2424-441E-94E6-11CD83A8D879}
		{9BFB0581-53C7-4204-808A-752479D53929} = {8B39248A-2424-441E-94E6-11CD83A8D879}
		{63A366EB-AF46-4E6C-9F68-F6E97FF2E822} = {8B39248A-2424-441E-94E6-11CD83A8D879}
		{3C7956D0-1D5F-436B-BD79-0817C5681D9B} = {8B39248A-2424-441E-94E6-11CD83A8D879}
		{86D13C59-9B82-4C25-B043-92957FA0F394} = {1EF382F6-6557-44EA-A1E3-4A998A428F11}
		{99C7D549-1643-44E6-A4B3-1A328C9178CA} = {1EF382F6-6557-44EA-A1E3-4A998A428F11}
		{C9E6CEF4-8F0A-4F1B-8CA4-5973B8488F21} = {1EF382F6-6557-44EA-A1E3-4A998A428F11}
		{D30BA39E-4311-416F-A4E3-7C0A28841CC2} = {1EF382F6-6557-44EA-A1E3-4A998A428F11}
		{72529107-6B59-4959-ACB4-366F6ECE5903} = {610E1D40-F967-488E-975D-518F784F0971}
		{DD4C1D61-A7B9-44E7-9E79-83FD416C7EAF} = {610E1D40-F967-488E-975D-518F784F0971}
		{CF3A5A2B-105E-4B5D-920C-F433C75F497E} = {610E1D40-F967-488E-975D-518F784F0971}
		{954914E9-B67C-471D-B0CE-3960EFABDB6C} = {610E1D40-F967-488E-975D-518F784F0971}
		{72E08551-447E-480F-9614-A9AC31564705} = {9937315B-0E13-4AA4-B2AD-2F8131801A4C}
	EndGlobalSection
	GlobalSection(ExtensibilityGlobals) = postSolution
		SolutionGuid = {6DD8F335-0BF8-4B99-A134-6BCBAE2A9541}
	EndGlobalSection
EndGlobal
